
Microsoft Visual Studio Solution File, Format Version 12.00
# Visual Studio 15
Project("{FAE04EC0-301F-11D3-BF4B-00C04F79EFBC}") = "Assembly-CSharp", "Assembly-CSharp.csproj", "{0D98748D-6178-273E-E1EC-A26A202F5DCE}"
EndProject
Project("{FAE04EC0-301F-11D3-BF4B-00C04F79EFBC}") = "Assembly-CSharp-Editor", "Assembly-CSharp-Editor.csproj", "{0F7C6660-F88A-D9C8-9CDE-B29EDF768C85}"
EndProject
Global
	GlobalSection(SolutionConfigurationPlatforms) = preSolution
		Debug|Any CPU = Debug|Any CPU
		Release|Any CPU = Release|Any CPU
	EndGlobalSection
	GlobalSection(ProjectConfigurationPlatforms) = postSolution
		{0D98748D-6178-273E-E1EC-A26A202F5DCE}.Debug|Any CPU.ActiveCfg = Debug|Any CPU
		{0D98748D-6178-273E-E1EC-A26A202F5DCE}.Debug|Any CPU.Build.0 = Debug|Any CPU
		{0D98748D-6178-273E-E1EC-A26A202F5DCE}.Release|Any CPU.ActiveCfg = Release|Any CPU
		{0D98748D-6178-273E-E1EC-A26A202F5DCE}.Release|Any CPU.Build.0 = Release|Any CPU
		{0F7C6660-F88A-D9C8-9CDE-B29EDF768C85}.Debug|Any CPU.ActiveCfg = Debug|Any CPU
		{0F7C6660-F88A-D9C8-9CDE-B29EDF768C85}.Debug|Any CPU.Build.0 = Debug|Any CPU
		{0F7C6660-F88A-D9C8-9CDE-B29EDF768C85}.Release|Any CPU.ActiveCfg = Release|Any CPU
		{0F7C6660-F88A-D9C8-9CDE-B29EDF768C85}.Release|Any CPU.Build.0 = Release|Any CPU
	EndGlobalSection
	GlobalSection(SolutionProperties) = preSolution
		HideSolutionNode = FALSE
	EndGlobalSection
EndGlobal
